
Microsoft Visual Studio Solution File, Format Version 12.00
# Visual Studio 14
VisualStudioVersion = 14.0.25420.1
MinimumVisualStudioVersion = 10.0.40219.1
Project("{FAE04EC0-301F-11D3-BF4B-00C04F79EFBC}") = "Phaka.Scheduling", "src\Phaka.Scheduling\Phaka.Scheduling.csproj", "{2B7277E7-45C9-49DE-8F6C-36C3E01097C7}"
EndProject
Project("{FAE04EC0-301F-11D3-BF4B-00C04F79EFBC}") = "Phaka.Scheduling.Abstractions", "src\Phaka.Scheduling.Abstractions\Phaka.Scheduling.Abstractions.csproj", "{C4D24091-153D-4D44-A7DD-56AC22A5E52F}"
EndProject
Project("{FAE04EC0-301F-11D3-BF4B-00C04F79EFBC}") = "Phaka.Scheduling.UnitTests", "test\Phaka.Scheduling.UnitTests\Phaka.Scheduling.UnitTests.csproj", "{A6D02001-A4E9-4818-8BEF-E0FD0BF927D7}"
EndProject
Project("{FAE04EC0-301F-11D3-BF4B-00C04F79EFBC}") = "Phaka.Collections", "src\Phaka.Collections\Phaka.Collections.csproj", "{8CCF08EC-7E86-4BB1-9110-BEA0DD55D670}"
EndProject
Project("{FAE04EC0-301F-11D3-BF4B-00C04F79EFBC}") = "Phaka.Collections.UnitTests", "test\Phaka.Collections.UnitTests\Phaka.Collections.UnitTests.csproj", "{35EEBE85-4A5A-4B56-A6D4-E54ABAB70D60}"
EndProject
Global
	GlobalSection(SolutionConfigurationPlatforms) = preSolution
		Debug|Any CPU = Debug|Any CPU
		Release|Any CPU = Release|Any CPU
	EndGlobalSection
	GlobalSection(ProjectConfigurationPlatforms) = postSolution
		{2B7277E7-45C9-49DE-8F6C-36C3E01097C7}.Debug|Any CPU.ActiveCfg = Debug|Any CPU
		{2B7277E7-45C9-49DE-8F6C-36C3E01097C7}.Debug|Any CPU.Build.0 = Debug|Any CPU
		{2B7277E7-45C9-49DE-8F6C-36C3E01097C7}.Release|Any CPU.ActiveCfg = Release|Any CPU
		{2B7277E7-45C9-49DE-8F6C-36C3E01097C7}.Release|Any CPU.Build.0 = Release|Any CPU
		{C4D24091-153D-4D44-A7DD-56AC22A5E52F}.Debug|Any CPU.ActiveCfg = Debug|Any CPU
		{C4D24091-153D-4D44-A7DD-56AC22A5E52F}.Debug|Any CPU.Build.0 = Debug|Any CPU
		{C4D24091-153D-4D44-A7DD-56AC22A5E52F}.Release|Any CPU.ActiveCfg = Release|Any CPU
		{C4D24091-153D-4D44-A7DD-56AC22A5E52F}.Release|Any CPU.Build.0 = Release|Any CPU
		{A6D02001-A4E9-4818-8BEF-E0FD0BF927D7}.Debug|Any CPU.ActiveCfg = Debug|Any CPU
		{A6D02001-A4E9-4818-8BEF-E0FD0BF927D7}.Debug|Any CPU.Build.0 = Debug|Any CPU
		{A6D02001-A4E9-4818-8BEF-E0FD0BF927D7}.Release|Any CPU.ActiveCfg = Release|Any CPU
		{A6D02001-A4E9-4818-8BEF-E0FD0BF927D7}.Release|Any CPU.Build.0 = Release|Any CPU
		{8CCF08EC-7E86-4BB1-9110-BEA0DD55D670}.Debug|Any CPU.ActiveCfg = Debug|Any CPU
		{8CCF08EC-7E86-4BB1-9110-BEA0DD55D670}.Debug|Any CPU.Build.0 = Debug|Any CPU
		{8CCF08EC-7E86-4BB1-9110-BEA0DD55D670}.Release|Any CPU.ActiveCfg = Release|Any CPU
		{8CCF08EC-7E86-4BB1-9110-BEA0DD55D670}.Release|Any CPU.Build.0 = Release|Any CPU
		{35EEBE85-4A5A-4B56-A6D4-E54ABAB70D60}.Debug|Any CPU.ActiveCfg = Debug|Any CPU
		{35EEBE85-4A5A-4B56-A6D4-E54ABAB70D60}.Debug|Any CPU.Build.0 = Debug|Any CPU
		{35EEBE85-4A5A-4B56-A6D4-E54ABAB70D60}.Release|Any CPU.ActiveCfg = Release|Any CPU
		{35EEBE85-4A5A-4B56-A6D4-E54ABAB70D60}.Release|Any CPU.Build.0 = Release|Any CPU
	EndGlobalSection
	GlobalSection(SolutionProperties) = preSolution
		HideSolutionNode = FALSE
	EndGlobalSection
EndGlobal
